
Microsoft Visual Studio Solution File, Format Version 12.00
# Visual Studio Version 16
VisualStudioVersion = 16.0.29609.76
MinimumVisualStudioVersion = 10.0.40219.1
Project("{FAE04EC0-301F-11D3-BF4B-00C04F79EFBC}") = "TempSocketServer", "TempSocketServer\TempSocketServer.csproj", "{B062CCB3-A421-45F6-B1DA-ECC8D812FC3D}"
EndProject
Global
	GlobalSection(SolutionConfigurationPlatforms) = preSolution
		Debug|Any CPU = Debug|Any CPU
		Release|Any CPU = Release|Any CPU
	EndGlobalSection
	GlobalSection(ProjectConfigurationPlatforms) = postSolution
		{B062CCB3-A421-45F6-B1DA-ECC8D812FC3D}.Debug|Any CPU.ActiveCfg = Debug|Any CPU
		{B062CCB3-A421-45F6-B1DA-ECC8D812FC3D}.Debug|Any CPU.Build.0 = Debug|Any CPU
		{B062CCB3-A421-45F6-B1DA-ECC8D812FC3D}.Release|Any CPU.ActiveCfg = Release|Any CPU
		{B062CCB3-A421-45F6-B1DA-ECC8D812FC3D}.Release|Any CPU.Build.0 = Release|Any CPU
	EndGlobalSection
	GlobalSection(SolutionProperties) = preSolution
		HideSolutionNode = FALSE
	EndGlobalSection
	GlobalSection(ExtensibilityGlobals) = postSolution
		SolutionGuid = {C2723A51-2218-4AC9-8B60-0EDD8841A59B}
	EndGlobalSection
EndGlobal
